
Microsoft Visual Studio Solution File, Format Version 12.00
# Visual Studio Version 17
VisualStudioVersion = 17.5.001.0
MinimumVisualStudioVersion = 10.0.40219.1
Project("{9A19103F-16F7-4668-BE54-9A1E7A4F7556}") = "bano de dados senai", "bano de dados senai.csproj", "{671E3074-AE2B-45E4-B0C0-023AE1ED1531}"
EndProject
Global
	GlobalSection(SolutionConfigurationPlatforms) = preSolution
		Debug|Any CPU = Debug|Any CPU
		Release|Any CPU = Release|Any CPU
	EndGlobalSection
	GlobalSection(ProjectConfigurationPlatforms) = postSolution
		{671E3074-AE2B-45E4-B0C0-023AE1ED1531}.Debug|Any CPU.ActiveCfg = Debug|Any CPU
		{671E3074-AE2B-45E4-B0C0-023AE1ED1531}.Debug|Any CPU.Build.0 = Debug|Any CPU
		{671E3074-AE2B-45E4-B0C0-023AE1ED1531}.Release|Any CPU.ActiveCfg = Release|Any CPU
		{671E3074-AE2B-45E4-B0C0-023AE1ED1531}.Release|Any CPU.Build.0 = Release|Any CPU
	EndGlobalSection
	GlobalSection(SolutionProperties) = preSolution
		HideSolutionNode = FALSE
	EndGlobalSection
	GlobalSection(ExtensibilityGlobals) = postSolution
		SolutionGuid = {3F0FD3DF-BDE8-45C6-A56F-1F25A1316916}
	EndGlobalSection
EndGlobal
